
Microsoft Visual Studio Solution File, Format Version 12.00
# Visual Studio Version 17
VisualStudioVersion = 17.5.002.0
MinimumVisualStudioVersion = 10.0.40219.1
Project("{9A19103F-16F7-4668-BE54-9A1E7A4F7556}") = "total test 1", "total test 1.csproj", "{399C2EC2-0B5E-4AE9-A89B-6BEA047F5A1A}"
EndProject
Global
	GlobalSection(SolutionConfigurationPlatforms) = preSolution
		Debug|Any CPU = Debug|Any CPU
		Release|Any CPU = Release|Any CPU
	EndGlobalSection
	GlobalSection(ProjectConfigurationPlatforms) = postSolution
		{399C2EC2-0B5E-4AE9-A89B-6BEA047F5A1A}.Debug|Any CPU.ActiveCfg = Debug|Any CPU
		{399C2EC2-0B5E-4AE9-A89B-6BEA047F5A1A}.Debug|Any CPU.Build.0 = Debug|Any CPU
		{399C2EC2-0B5E-4AE9-A89B-6BEA047F5A1A}.Release|Any CPU.ActiveCfg = Release|Any CPU
		{399C2EC2-0B5E-4AE9-A89B-6BEA047F5A1A}.Release|Any CPU.Build.0 = Release|Any CPU
	EndGlobalSection
	GlobalSection(SolutionProperties) = preSolution
		HideSolutionNode = FALSE
	EndGlobalSection
	GlobalSection(ExtensibilityGlobals) = postSolution
		SolutionGuid = {3647D823-0A33-4CB9-B2B5-443B57C0EFA6}
	EndGlobalSection
EndGlobal
